// !$*UTF8*$!
{
	archiveVersion = 1;
	classes = {
	};
	objectVersion = 46;
	objects = {

/* Begin PBXBuildFile section */
		BC1A8D431EC4B697007F31CF /* RNAdyenCSE.m in Sources */ = {isa = PBXBuildFile; fileRef = BC1A8D421EC4B697007F31CF /* RNAdyenCSE.m */; };
		BC1A8D441EC4B697007F31CF /* RNAdyenCSE.h in CopyFiles */ = {isa = PBXBuildFile; fileRef = BC1A8D411EC4B697007F31CF /* RNAdyenCSE.h */; };
/* End PBXBuildFile section */

/* Begin PBXCopyFilesBuildPhase section */
		BC1A8D3C1EC4B697007F31CF /* CopyFiles */ = {
			isa = PBXCopyFilesBuildPhase;
			buildActionMask = 2147483647;
			dstPath = "include/$(PRODUCT_NAME)";
			dstSubfolderSpec = 16;
			files = (
				BC1A8D441EC4B697007F31CF /* RNAdyenCSE.h in CopyFiles */,
			);
			runOnlyForDeploymentPostprocessing = 0;
		};
/* End PBXCopyFilesBuildPhase section */

/* Begin PBXFileReference section */
		BC1A8D3E1EC4B697007F31CF /* libRNAdyenCSE.a */ = {isa = PBXFileReference; explicitFileType = archive.ar; includeInIndex = 0; path = libRNAdyenCSE.a; sourceTree = BUILT_PRODUCTS_DIR; };
		BC1A8D411EC4B697007F31CF /* RNAdyenCSE.h */ = {isa = PBXFileReference; lastKnownFileType = sourcecode.c.h; path = RNAdyenCSE.h; sourceTree = "<group>"; };
		BC1A8D421EC4B697007F31CF /* RNAdyenCSE.m */ = {isa = PBXFileReference; lastKnownFileType = sourcecode.c.objc; path = RNAdyenCSE.m; sourceTree = "<group>"; };
/* End PBXFileReference section */

/* Begin PBXFrameworksBuildPhase section */
		BC1A8D3B1EC4B697007F31CF /* Frameworks */ = {
			isa = PBXFrameworksBuildPhase;
			buildActionMask = 2147483647;
			files = (
			);
			runOnlyForDeploymentPostprocessing = 0;
		};
/* End PBXFrameworksBuildPhase section */

/* Begin PBXGroup section */
		BC1A8D351EC4B697007F31CF = {
			isa = PBXGroup;
			children = (
				BC1A8D401EC4B697007F31CF /* RNAdyenCSE */,
				BC1A8D3F1EC4B697007F31CF /* Products */,
			);
			sourceTree = "<group>";
		};
		BC1A8D3F1EC4B697007F31CF /* Products */ = {
			isa = PBXGroup;
			children = (
				BC1A8D3E1EC4B697007F31CF /* libRNAdyenCSE.a */,
			);
			name = Products;
			sourceTree = "<group>";
		};
		BC1A8D401EC4B697007F31CF /* RNAdyenCSE */ = {
			isa = PBXGroup;
			children = (
				BC1A8D411EC4B697007F31CF /* RNAdyenCSE.h */,
				BC1A8D421EC4B697007F31CF /* RNAdyenCSE.m */,
			);
			path = RNAdyenCSE;
			sourceTree = "<group>";
		};
/* End PBXGroup section */

/* Begin PBXNativeTarget section */
		BC1A8D3D1EC4B697007F31CF /* RNAdyenCSE */ = {
			isa = PBXNativeTarget;
			buildConfigurationList = BC1A8D471EC4B697007F31CF /* Build configuration list for PBXNativeTarget "RNAdyenCSE" */;
			buildPhases = (
				BC1A8D3A1EC4B697007F31CF /* Sources */,
				BC1A8D3B1EC4B697007F31CF /* Frameworks */,
				BC1A8D3C1EC4B697007F31CF /* CopyFiles */,
			);
			buildRules = (
			);
			dependencies = (
			);
			name = RNAdyenCSE;
			productName = RNAdyenCSE;
			productReference = BC1A8D3E1EC4B697007F31CF /* libRNAdyenCSE.a */;
			productType = "com.apple.product-type.library.static";
		};
/* End PBXNativeTarget section */

/* Begin PBXProject section */
		BC1A8D361EC4B697007F31CF /* Project object */ = {
			isa = PBXProject;
			attributes = {
				LastUpgradeCheck = 0830;
				ORGANIZATIONNAME = "Food To Home Ltd Oy";
				TargetAttributes = {
					BC1A8D3D1EC4B697007F31CF = {
						CreatedOnToolsVersion = 8.3.2;
						ProvisioningStyle = Automatic;
					};
				};
			};
			buildConfigurationList = BC1A8D391EC4B697007F31CF /* Build configuration list for PBXProject "RNAdyenCSE" */;
			compatibilityVersion = "Xcode 3.2";
			developmentRegion = English;
			hasScannedForEncodings = 0;
			knownRegions = (
				en,
			);
			mainGroup = BC1A8D351EC4B697007F31CF;
			productRefGroup = BC1A8D3F1EC4B697007F31CF /* Products */;
			projectDirPath = "";
			projectRoot = "";
			targets = (
				BC1A8D3D1EC4B697007F31CF /* RNAdyenCSE */,
			);
		};
/* End PBXProject section */

/* Begin PBXSourcesBuildPhase section */
		BC1A8D3A1EC4B697007F31CF /* Sources */ = {
			isa = PBXSourcesBuildPhase;
			buildActionMask = 2147483647;
			files = (
				BC1A8D431EC4B697007F31CF /* RNAdyenCSE.m in Sources */,
			);
			runOnlyForDeploymentPostprocessing = 0;
		};
/* End PBXSourcesBuildPhase section */

/* Begin XCBuildConfiguration section */
		BC1A8D451EC4B697007F31CF /* Debug */ = {
			isa = XCBuildConfiguration;
			buildSettings = {
				ALWAYS_SEARCH_USER_PATHS = NO;
				CLANG_ANALYZER_NONNULL = YES;
				CLANG_ANALYZER_NUMBER_OBJECT_CONVERSION = YES_AGGRESSIVE;
				CLANG_CXX_LANGUAGE_STANDARD = "gnu++0x";
				CLANG_CXX_LIBRARY = "libc++";
				CLANG_ENABLE_MODULES = YES;
				CLANG_ENABLE_OBJC_ARC = YES;
				CLANG_WARN_BOOL_CONVERSION = YES;
				CLANG_WARN_CONSTANT_CONVERSION = YES;
				CLANG_WARN_DIRECT_OBJC_ISA_USAGE = YES_ERROR;
				CLANG_WARN_DOCUMENTATION_COMMENTS = YES;
				CLANG_WARN_EMPTY_BODY = YES;
				CLANG_WARN_ENUM_CONVERSION = YES;
				CLANG_WARN_INFINITE_RECURSION = YES;
				CLANG_WARN_INT_CONVERSION = YES;
				CLANG_WARN_OBJC_ROOT_CLASS = YES_ERROR;
				CLANG_WARN_SUSPICIOUS_MOVE = YES;
				CLANG_WARN_UNREACHABLE_CODE = YES;
				CLANG_WARN__DUPLICATE_METHOD_MATCH = YES;
				"CODE_SIGN_IDENTITY[sdk=iphoneos*]" = "iPhone Developer";
				COPY_PHASE_STRIP = NO;
				DEBUG_INFORMATION_FORMAT = dwarf;
				ENABLE_STRICT_OBJC_MSGSEND = YES;
				ENABLE_TESTABILITY = YES;
				GCC_C_LANGUAGE_STANDARD = gnu99;
				GCC_DYNAMIC_NO_PIC = NO;
				GCC_NO_COMMON_BLOCKS = YES;
				GCC_OPTIMIZATION_LEVEL = 0;
				GCC_PREPROCESSOR_DEFINITIONS = (
					"DEBUG=1",
					"$(inherited)",
				);
				GCC_WARN_64_TO_32_BIT_CONVERSION = YES;
				GCC_WARN_ABOUT_RETURN_TYPE = YES_ERROR;
				GCC_WARN_UNDECLARED_SELECTOR = YES;
				GCC_WARN_UNINITIALIZED_AUTOS = YES_AGGRESSIVE;
				GCC_WARN_UNUSED_FUNCTION = YES;
				GCC_WARN_UNUSED_VARIABLE = YES;
				IPHONEOS_DEPLOYMENT_TARGET = 10.3;
				MTL_ENABLE_DEBUG_INFO = YES;
				ONLY_ACTIVE_ARCH = YES;
				SDKROOT = iphoneos;
			};
			name = Debug;
		};
		BC1A8D461EC4B697007F31CF /* Release */ = {
			isa = XCBuildConfiguration;
			buildSettings = {
				ALWAYS_SEARCH_USER_PATHS = NO;
				CLANG_ANALYZER_NONNULL = YES;
				CLANG_ANALYZER_NUMBER_OBJECT_CONVERSION = YES_AGGRESSIVE;
				CLANG_CXX_LANGUAGE_STANDARD = "gnu++0x";
				CLANG_CXX_LIBRARY = "libc++";
				CLANG_ENABLE_MODULES = YES;
				CLANG_ENABLE_OBJC_ARC = YES;
				CLANG_WARN_BOOL_CONVERSION = YES;
				CLANG_WARN_CONSTANT_CONVERSION = YES;
				CLANG_WARN_DIRECT_OBJC_ISA_USAGE = YES_ERROR;
				CLANG_WARN_DOCUMENTATION_COMMENTS = YES;
				CLANG_WARN_EMPTY_BODY = YES;
				CLANG_WARN_ENUM_CONVERSION = YES;
				CLANG_WARN_INFINITE_RECURSION = YES;
				CLANG_WARN_INT_CONVERSION = YES;
				CLANG_WARN_OBJC_ROOT_CLASS = YES_ERROR;
				CLANG_WARN_SUSPICIOUS_MOVE = YES;
				CLANG_WARN_UNREACHABLE_CODE = YES;
				CLANG_WARN__DUPLICATE_METHOD_MATCH = YES;
				"CODE_SIGN_IDENTITY[sdk=iphoneos*]" = "iPhone Developer";
				COPY_PHASE_STRIP = NO;
				DEBUG_INFORMATION_FORMAT = "dwarf-with-dsym";
				ENABLE_NS_ASSERTIONS = NO;
				ENABLE_STRICT_OBJC_MSGSEND = YES;
				GCC_C_LANGUAGE_STANDARD = gnu99;
				GCC_NO_COMMON_BLOCKS = YES;
				GCC_WARN_64_TO_32_BIT_CONVERSION = YES;
				GCC_WARN_ABOUT_RETURN_TYPE = YES_ERROR;
				GCC_WARN_UNDECLARED_SELECTOR = YES;
				GCC_WARN_UNINITIALIZED_AUTOS = YES_AGGRESSIVE;
				GCC_WARN_UNUSED_FUNCTION = YES;
				GCC_WARN_UNUSED_VARIABLE = YES;
				IPHONEOS_DEPLOYMENT_TARGET = 10.3;
				MTL_ENABLE_DEBUG_INFO = NO;
				SDKROOT = iphoneos;
				VALIDATE_PRODUCT = YES;
			};
			name = Release;
		};
		BC1A8D481EC4B697007F31CF /* Debug */ = {
			isa = XCBuildConfiguration;
			buildSettings = {
				FRAMEWORK_SEARCH_PATHS = "$(PROJECT_DIR)/../../../ios/**";
				HEADER_SEARCH_PATHS = (
					"$(inherited)",
					"$(SRCROOT)/../../react-native/React/**",
					"$(SRCROOT)/AdyenCSE/**",
					"$(SRCROOT)/../node_modules/react-native/React/**",
					"$(PROJECT_DIR)/../../../ios/**",
				);
				OTHER_LDFLAGS = "-ObjC";
				PRODUCT_NAME = "$(TARGET_NAME)";
				SKIP_INSTALL = YES;
			};
			name = Debug;
		};
		BC1A8D491EC4B697007F31CF /* Release */ = {
			isa = XCBuildConfiguration;
			buildSettings = {
				FRAMEWORK_SEARCH_PATHS = "$(PROJECT_DIR)/../../../ios/**";
				HEADER_SEARCH_PATHS = (
					"$(inherited)",
					"$(SRCROOT)/../../react-native/React/**",
					"$(SRCROOT)/AdyenCSE/**",
					"$(SRCROOT)/../node_modules/react-native/React/**",
					"$(PROJECT_DIR)/../../../ios/**",
				);
				OTHER_LDFLAGS = "-ObjC";
				PRODUCT_NAME = "$(TARGET_NAME)";
				SKIP_INSTALL = YES;
			};
			name = Release;
		};
/* End XCBuildConfiguration section */

/* Begin XCConfigurationList section */
		BC1A8D391EC4B697007F31CF /* Build configuration list for PBXProject "RNAdyenCSE" */ = {
			isa = XCConfigurationList;
			buildConfigurations = (
				BC1A8D451EC4B697007F31CF /* Debug */,
				BC1A8D461EC4B697007F31CF /* Release */,
			);
			defaultConfigurationIsVisible = 0;
			defaultConfigurationName = Release;
		};
		BC1A8D471EC4B697007F31CF /* Build configuration list for PBXNativeTarget "RNAdyenCSE" */ = {
			isa = XCConfigurationList;
			buildConfigurations = (
				BC1A8D481EC4B697007F31CF /* Debug */,
				BC1A8D491EC4B697007F31CF /* Release */,
			);
			defaultConfigurationIsVisible = 0;
			defaultConfigurationName = Release;
		};
/* End XCConfigurationList section */
	};
	rootObject = BC1A8D361EC4B697007F31CF /* Project object */;
}
